
Microsoft Visual Studio Solution File, Format Version 12.00
# Visual Studio Version 16
VisualStudioVersion = 16.0.31129.286
MinimumVisualStudioVersion = 10.0.40219.1
Project("{FAE04EC0-301F-11D3-BF4B-00C04F79EFBC}") = "AdminForm2", "AdminForm2\AdminForm2.csproj", "{4A2A1824-9BCE-4223-A4F1-7D0A3590610A}"
EndProject
Global
	GlobalSection(SolutionConfigurationPlatforms) = preSolution
		Debug|Any CPU = Debug|Any CPU
		Release|Any CPU = Release|Any CPU
	EndGlobalSection
	GlobalSection(ProjectConfigurationPlatforms) = postSolution
		{4A2A1824-9BCE-4223-A4F1-7D0A3590610A}.Debug|Any CPU.ActiveCfg = Debug|Any CPU
		{4A2A1824-9BCE-4223-A4F1-7D0A3590610A}.Debug|Any CPU.Build.0 = Debug|Any CPU
		{4A2A1824-9BCE-4223-A4F1-7D0A3590610A}.Release|Any CPU.ActiveCfg = Release|Any CPU
		{4A2A1824-9BCE-4223-A4F1-7D0A3590610A}.Release|Any CPU.Build.0 = Release|Any CPU
	EndGlobalSection
	GlobalSection(SolutionProperties) = preSolution
		HideSolutionNode = FALSE
	EndGlobalSection
	GlobalSection(ExtensibilityGlobals) = postSolution
		SolutionGuid = {B822E7A6-0EA8-46C1-B1DE-D7C2E897E6FC}
	EndGlobalSection
EndGlobal
